# This file is autogenerated, do not edit; changes may be undone by the next 'dep ensure'.


[[projects]]
  branch = "master"
  name = "github.com/google/go-github"
  packages = ["github"]
  revision = "c988f775700b9ab14b5acb7502046fa341daf82d"

[[projects]]
  branch = "master"
  name = "github.com/google/go-querystring"
  packages = ["query"]
  revision = "53e6ce116135b80d037921a7fdd5138cf32d7a8a"

[solve-meta]
  analyzer-name = "dep"
  analyzer-version = 1
  inputs-digest = "612ff440a3db11b9c342f872ba4003534667bf6f910548e1e85c258ce224db01"
  solver-name = "gps-cdcl"
  solver-version = 1
